// !$*UTF8*$!
{
	archiveVersion = 1;
	classes = {
	};
	objectVersion = 45;
	objects = {

/* Begin PBXBuildFile section */
		1D3623260D0F684500981E51 /* ObjSqlAppDelegate.m in Sources */ = {isa = PBXBuildFile; fileRef = 1D3623250D0F684500981E51 /* ObjSqlAppDelegate.m */; };
		1D60589B0D05DD56006BFB54 /* main.m in Sources */ = {isa = PBXBuildFile; fileRef = 29B97316FDCFA39411CA2CEA /* main.m */; };
		1D60589F0D05DD5A006BFB54 /* Foundation.framework in Frameworks */ = {isa = PBXBuildFile; fileRef = 1D30AB110D05D00D00671497 /* Foundation.framework */; };
		1DF5F4E00D08C38300B7A737 /* UIKit.framework in Frameworks */ = {isa = PBXBuildFile; fileRef = 1DF5F4DF0D08C38300B7A737 /* UIKit.framework */; };
		2225BE0D105C19440069F530 /* Icon.png in Resources */ = {isa = PBXBuildFile; fileRef = 2225BE0C105C19440069F530 /* Icon.png */; };
		2225BF64105CE6A10069F530 /* RecordView.m in Sources */ = {isa = PBXBuildFile; fileRef = 2225BF63105CE6A10069F530 /* RecordView.m */; };
		2225BF90105CE9D40069F530 /* ImageEditor.m in Sources */ = {isa = PBXBuildFile; fileRef = 2225BF8F105CE9D40069F530 /* ImageEditor.m */; };
		2225C0E0105D01010069F530 /* Default.png in Resources */ = {isa = PBXBuildFile; fileRef = 2225C0DF105D01010069F530 /* Default.png */; };
		222F93C91059545000D1A285 /* au_pix.txt in Resources */ = {isa = PBXBuildFile; fileRef = 222F93BE1059545000D1A285 /* au_pix.txt */; };
		222F93CA1059545000D1A285 /* authors.txt in Resources */ = {isa = PBXBuildFile; fileRef = 222F93BF1059545000D1A285 /* authors.txt */; };
		222F93CB1059545000D1A285 /* blurbs.txt in Resources */ = {isa = PBXBuildFile; fileRef = 222F93C01059545000D1A285 /* blurbs.txt */; };
		222F93CC1059545000D1A285 /* discounts.txt in Resources */ = {isa = PBXBuildFile; fileRef = 222F93C11059545000D1A285 /* discounts.txt */; };
		222F93CD1059545000D1A285 /* publishers.txt in Resources */ = {isa = PBXBuildFile; fileRef = 222F93C21059545000D1A285 /* publishers.txt */; };
		222F93CE1059545000D1A285 /* roysched.txt in Resources */ = {isa = PBXBuildFile; fileRef = 222F93C31059545000D1A285 /* roysched.txt */; };
		222F93CF1059545000D1A285 /* sales.txt in Resources */ = {isa = PBXBuildFile; fileRef = 222F93C41059545000D1A285 /* sales.txt */; };
		222F93D01059545000D1A285 /* salesdetail.txt in Resources */ = {isa = PBXBuildFile; fileRef = 222F93C51059545000D1A285 /* salesdetail.txt */; };
		222F93D11059545000D1A285 /* stores.txt in Resources */ = {isa = PBXBuildFile; fileRef = 222F93C61059545000D1A285 /* stores.txt */; };
		222F93D21059545000D1A285 /* titleauthor.txt in Resources */ = {isa = PBXBuildFile; fileRef = 222F93C71059545000D1A285 /* titleauthor.txt */; };
		222F93D31059545000D1A285 /* titles.txt in Resources */ = {isa = PBXBuildFile; fileRef = 222F93C81059545000D1A285 /* titles.txt */; };
		222F93E31059558B00D1A285 /* RecordClasses.m in Sources */ = {isa = PBXBuildFile; fileRef = 222F93E21059558B00D1A285 /* RecordClasses.m */; };
		222F93E7105955EC00D1A285 /* libsqlite3.dylib in Frameworks */ = {isa = PBXBuildFile; fileRef = 222F93E6105955EC00D1A285 /* libsqlite3.dylib */; };
		222F941E10595B5D00D1A285 /* RecordsViewController.m in Sources */ = {isa = PBXBuildFile; fileRef = 222F941D10595B5D00D1A285 /* RecordsViewController.m */; };
		222F9709105A589900D1A285 /* objsql.mm in Sources */ = {isa = PBXBuildFile; fileRef = 222F9708105A589900D1A285 /* objsql.mm */; };
		22A8B60C106D2AAE00C9EF2C /* Catcher.m in Sources */ = {isa = PBXBuildFile; fileRef = 22A8B60B106D2AAE00C9EF2C /* Catcher.m */; };
		2892E4100DC94CBA00A64D0F /* CoreGraphics.framework in Frameworks */ = {isa = PBXBuildFile; fileRef = 2892E40F0DC94CBA00A64D0F /* CoreGraphics.framework */; };
		2899E5600DE3E45000AC0155 /* JoinsViewController.xib in Resources */ = {isa = PBXBuildFile; fileRef = 2899E55F0DE3E45000AC0155 /* JoinsViewController.xib */; };
		28AD73600D9D9599002E5188 /* MainWindow.xib in Resources */ = {isa = PBXBuildFile; fileRef = 28AD735F0D9D9599002E5188 /* MainWindow.xib */; };
		28C286E10D94DF7D0034E888 /* JoinsViewController.m in Sources */ = {isa = PBXBuildFile; fileRef = 28C286E00D94DF7D0034E888 /* JoinsViewController.m */; };
/* End PBXBuildFile section */

/* Begin PBXFileReference section */
		1D30AB110D05D00D00671497 /* Foundation.framework */ = {isa = PBXFileReference; lastKnownFileType = wrapper.framework; name = Foundation.framework; path = System/Library/Frameworks/Foundation.framework; sourceTree = SDKROOT; };
		1D3623240D0F684500981E51 /* ObjSqlAppDelegate.h */ = {isa = PBXFileReference; fileEncoding = 4; lastKnownFileType = sourcecode.c.h; path = ObjSqlAppDelegate.h; sourceTree = "<group>"; };
		1D3623250D0F684500981E51 /* ObjSqlAppDelegate.m */ = {isa = PBXFileReference; explicitFileType = sourcecode.cpp.objcpp; fileEncoding = 4; path = ObjSqlAppDelegate.m; sourceTree = "<group>"; };
		1D6058910D05DD3D006BFB54 /* ObjSql.app */ = {isa = PBXFileReference; explicitFileType = wrapper.application; includeInIndex = 0; path = ObjSql.app; sourceTree = BUILT_PRODUCTS_DIR; };
		1DF5F4DF0D08C38300B7A737 /* UIKit.framework */ = {isa = PBXFileReference; lastKnownFileType = wrapper.framework; name = UIKit.framework; path = System/Library/Frameworks/UIKit.framework; sourceTree = SDKROOT; };
		2225BE0C105C19440069F530 /* Icon.png */ = {isa = PBXFileReference; lastKnownFileType = image.png; path = Icon.png; sourceTree = "<group>"; };
		2225BF62105CE6A10069F530 /* RecordView.h */ = {isa = PBXFileReference; fileEncoding = 4; lastKnownFileType = sourcecode.c.h; path = RecordView.h; sourceTree = "<group>"; };
		2225BF63105CE6A10069F530 /* RecordView.m */ = {isa = PBXFileReference; fileEncoding = 4; lastKnownFileType = sourcecode.c.objc; path = RecordView.m; sourceTree = "<group>"; };
		2225BF8E105CE9D40069F530 /* ImageEditor.h */ = {isa = PBXFileReference; fileEncoding = 4; lastKnownFileType = sourcecode.c.h; path = ImageEditor.h; sourceTree = "<group>"; };
		2225BF8F105CE9D40069F530 /* ImageEditor.m */ = {isa = PBXFileReference; fileEncoding = 4; lastKnownFileType = sourcecode.c.objc; path = ImageEditor.m; sourceTree = "<group>"; };
		2225C0DF105D01010069F530 /* Default.png */ = {isa = PBXFileReference; lastKnownFileType = image.png; path = Default.png; sourceTree = "<group>"; };
		222F93BE1059545000D1A285 /* au_pix.txt */ = {isa = PBXFileReference; fileEncoding = 4; lastKnownFileType = text; path = au_pix.txt; sourceTree = "<group>"; };
		222F93BF1059545000D1A285 /* authors.txt */ = {isa = PBXFileReference; fileEncoding = 4; lastKnownFileType = text; path = authors.txt; sourceTree = "<group>"; };
		222F93C01059545000D1A285 /* blurbs.txt */ = {isa = PBXFileReference; fileEncoding = 4; lastKnownFileType = text; path = blurbs.txt; sourceTree = "<group>"; };
		222F93C11059545000D1A285 /* discounts.txt */ = {isa = PBXFileReference; fileEncoding = 4; lastKnownFileType = text; path = discounts.txt; sourceTree = "<group>"; };
		222F93C21059545000D1A285 /* publishers.txt */ = {isa = PBXFileReference; fileEncoding = 4; lastKnownFileType = text; path = publishers.txt; sourceTree = "<group>"; };
		222F93C31059545000D1A285 /* roysched.txt */ = {isa = PBXFileReference; fileEncoding = 4; lastKnownFileType = text; path = roysched.txt; sourceTree = "<group>"; };
		222F93C41059545000D1A285 /* sales.txt */ = {isa = PBXFileReference; fileEncoding = 4; lastKnownFileType = text; path = sales.txt; sourceTree = "<group>"; };
		222F93C51059545000D1A285 /* salesdetail.txt */ = {isa = PBXFileReference; fileEncoding = 4; lastKnownFileType = text; path = salesdetail.txt; sourceTree = "<group>"; };
		222F93C61059545000D1A285 /* stores.txt */ = {isa = PBXFileReference; fileEncoding = 4; lastKnownFileType = text; path = stores.txt; sourceTree = "<group>"; };
		222F93C71059545000D1A285 /* titleauthor.txt */ = {isa = PBXFileReference; fileEncoding = 4; lastKnownFileType = text; path = titleauthor.txt; sourceTree = "<group>"; };
		222F93C81059545000D1A285 /* titles.txt */ = {isa = PBXFileReference; fileEncoding = 4; lastKnownFileType = text; path = titles.txt; sourceTree = "<group>"; };
		222F93D41059547D00D1A285 /* objcpp.h */ = {isa = PBXFileReference; fileEncoding = 4; lastKnownFileType = sourcecode.c.h; name = objcpp.h; path = ../../ObjCpp/objcpp.h; sourceTree = "<group>"; };
		222F93D51059547D00D1A285 /* objsql.h */ = {isa = PBXFileReference; fileEncoding = 4; lastKnownFileType = sourcecode.c.h; name = objsql.h; path = ../../ObjCpp/objsql.h; sourceTree = "<group>"; };
		222F93D71059547D00D1A285 /* objstr.h */ = {isa = PBXFileReference; fileEncoding = 4; lastKnownFileType = sourcecode.c.h; name = objstr.h; path = ../../ObjCpp/objstr.h; sourceTree = "<group>"; };
		222F93E11059558B00D1A285 /* RecordClasses.h */ = {isa = PBXFileReference; fileEncoding = 4; lastKnownFileType = sourcecode.c.h; path = RecordClasses.h; sourceTree = "<group>"; };
		222F93E21059558B00D1A285 /* RecordClasses.m */ = {isa = PBXFileReference; explicitFileType = sourcecode.cpp.objcpp; fileEncoding = 4; path = RecordClasses.m; sourceTree = "<group>"; };
		222F93E6105955EC00D1A285 /* libsqlite3.dylib */ = {isa = PBXFileReference; lastKnownFileType = "compiled.mach-o.dylib"; name = libsqlite3.dylib; path = usr/lib/libsqlite3.dylib; sourceTree = SDKROOT; };
		222F941C10595B5D00D1A285 /* RecordsViewController.h */ = {isa = PBXFileReference; fileEncoding = 4; lastKnownFileType = sourcecode.c.h; path = RecordsViewController.h; sourceTree = "<group>"; };
		222F941D10595B5D00D1A285 /* RecordsViewController.m */ = {isa = PBXFileReference; explicitFileType = sourcecode.cpp.objcpp; fileEncoding = 4; path = RecordsViewController.m; sourceTree = "<group>"; };
		222F9708105A589900D1A285 /* objsql.mm */ = {isa = PBXFileReference; fileEncoding = 4; lastKnownFileType = sourcecode.cpp.objcpp; name = objsql.mm; path = ../../ObjCpp/objsql.mm; sourceTree = "<group>"; };
		22A8B60B106D2AAE00C9EF2C /* Catcher.m */ = {isa = PBXFileReference; fileEncoding = 4; lastKnownFileType = sourcecode.c.objc; name = Catcher.m; path = ../../ObjCpp/Catcher.m; sourceTree = "<group>"; };
		2892E40F0DC94CBA00A64D0F /* CoreGraphics.framework */ = {isa = PBXFileReference; lastKnownFileType = wrapper.framework; name = CoreGraphics.framework; path = System/Library/Frameworks/CoreGraphics.framework; sourceTree = SDKROOT; };
		2899E55F0DE3E45000AC0155 /* JoinsViewController.xib */ = {isa = PBXFileReference; lastKnownFileType = file.xib; path = JoinsViewController.xib; sourceTree = "<group>"; };
		28A0AAE50D9B0CCF005BE974 /* ObjSql_Prefix.pch */ = {isa = PBXFileReference; fileEncoding = 4; lastKnownFileType = sourcecode.c.h; path = ObjSql_Prefix.pch; sourceTree = "<group>"; };
		28AD735F0D9D9599002E5188 /* MainWindow.xib */ = {isa = PBXFileReference; lastKnownFileType = file.xib; path = MainWindow.xib; sourceTree = "<group>"; };
		28C286DF0D94DF7D0034E888 /* JoinsViewController.h */ = {isa = PBXFileReference; fileEncoding = 4; lastKnownFileType = sourcecode.c.h; path = JoinsViewController.h; sourceTree = "<group>"; };
		28C286E00D94DF7D0034E888 /* JoinsViewController.m */ = {isa = PBXFileReference; explicitFileType = sourcecode.cpp.objcpp; fileEncoding = 4; path = JoinsViewController.m; sourceTree = "<group>"; };
		29B97316FDCFA39411CA2CEA /* main.m */ = {isa = PBXFileReference; fileEncoding = 4; lastKnownFileType = sourcecode.c.objc; path = main.m; sourceTree = "<group>"; };
		8D1107310486CEB800E47090 /* ObjSql-Info.plist */ = {isa = PBXFileReference; fileEncoding = 4; lastKnownFileType = text.plist.xml; path = "ObjSql-Info.plist"; plistStructureDefinitionIdentifier = "com.apple.xcode.plist.structure-definition.iphone.info-plist"; sourceTree = "<group>"; };
/* End PBXFileReference section */

/* Begin PBXFrameworksBuildPhase section */
		1D60588F0D05DD3D006BFB54 /* Frameworks */ = {
			isa = PBXFrameworksBuildPhase;
			buildActionMask = 2147483647;
			files = (
				1D60589F0D05DD5A006BFB54 /* Foundation.framework in Frameworks */,
				1DF5F4E00D08C38300B7A737 /* UIKit.framework in Frameworks */,
				2892E4100DC94CBA00A64D0F /* CoreGraphics.framework in Frameworks */,
				222F93E7105955EC00D1A285 /* libsqlite3.dylib in Frameworks */,
			);
			runOnlyForDeploymentPostprocessing = 0;
		};
/* End PBXFrameworksBuildPhase section */

/* Begin PBXGroup section */
		080E96DDFE201D6D7F000001 /* Classes */ = {
			isa = PBXGroup;
			children = (
				22A8B60B106D2AAE00C9EF2C /* Catcher.m */,
				1D3623240D0F684500981E51 /* ObjSqlAppDelegate.h */,
				1D3623250D0F684500981E51 /* ObjSqlAppDelegate.m */,
				28C286DF0D94DF7D0034E888 /* JoinsViewController.h */,
				28C286E00D94DF7D0034E888 /* JoinsViewController.m */,
				222F941C10595B5D00D1A285 /* RecordsViewController.h */,
				222F941D10595B5D00D1A285 /* RecordsViewController.m */,
				222F93E11059558B00D1A285 /* RecordClasses.h */,
				222F93E21059558B00D1A285 /* RecordClasses.m */,
				2225BF8E105CE9D40069F530 /* ImageEditor.h */,
				2225BF8F105CE9D40069F530 /* ImageEditor.m */,
				2225BF62105CE6A10069F530 /* RecordView.h */,
				2225BF63105CE6A10069F530 /* RecordView.m */,
				222F93D41059547D00D1A285 /* objcpp.h */,
				222F93D71059547D00D1A285 /* objstr.h */,
				222F93D51059547D00D1A285 /* objsql.h */,
				222F9708105A589900D1A285 /* objsql.mm */,
			);
			path = Classes;
			sourceTree = "<group>";
		};
		19C28FACFE9D520D11CA2CBB /* Products */ = {
			isa = PBXGroup;
			children = (
				1D6058910D05DD3D006BFB54 /* ObjSql.app */,
			);
			name = Products;
			sourceTree = "<group>";
		};
		2225C1A8105D553F0069F530 /* Table Data */ = {
			isa = PBXGroup;
			children = (
				222F93BE1059545000D1A285 /* au_pix.txt */,
				222F93BF1059545000D1A285 /* authors.txt */,
				222F93C01059545000D1A285 /* blurbs.txt */,
				222F93C11059545000D1A285 /* discounts.txt */,
				222F93C21059545000D1A285 /* publishers.txt */,
				222F93C31059545000D1A285 /* roysched.txt */,
				222F93C41059545000D1A285 /* sales.txt */,
				222F93C51059545000D1A285 /* salesdetail.txt */,
				222F93C61059545000D1A285 /* stores.txt */,
				222F93C71059545000D1A285 /* titleauthor.txt */,
				222F93C81059545000D1A285 /* titles.txt */,
			);
			name = "Table Data";
			sourceTree = "<group>";
		};
		29B97314FDCFA39411CA2CEA /* CustomTemplate */ = {
			isa = PBXGroup;
			children = (
				080E96DDFE201D6D7F000001 /* Classes */,
				29B97315FDCFA39411CA2CEA /* Other Sources */,
				29B97317FDCFA39411CA2CEA /* Resources */,
				29B97323FDCFA39411CA2CEA /* Frameworks */,
				19C28FACFE9D520D11CA2CBB /* Products */,
				222F93E6105955EC00D1A285 /* libsqlite3.dylib */,
			);
			name = CustomTemplate;
			sourceTree = "<group>";
		};
		29B97315FDCFA39411CA2CEA /* Other Sources */ = {
			isa = PBXGroup;
			children = (
				28A0AAE50D9B0CCF005BE974 /* ObjSql_Prefix.pch */,
				29B97316FDCFA39411CA2CEA /* main.m */,
			);
			name = "Other Sources";
			sourceTree = "<group>";
		};
		29B97317FDCFA39411CA2CEA /* Resources */ = {
			isa = PBXGroup;
			children = (
				2225BE0C105C19440069F530 /* Icon.png */,
				2225C0DF105D01010069F530 /* Default.png */,
				28AD735F0D9D9599002E5188 /* MainWindow.xib */,
				2899E55F0DE3E45000AC0155 /* JoinsViewController.xib */,
				8D1107310486CEB800E47090 /* ObjSql-Info.plist */,
				2225C1A8105D553F0069F530 /* Table Data */,
			);
			name = Resources;
			sourceTree = "<group>";
		};
		29B97323FDCFA39411CA2CEA /* Frameworks */ = {
			isa = PBXGroup;
			children = (
				1DF5F4DF0D08C38300B7A737 /* UIKit.framework */,
				1D30AB110D05D00D00671497 /* Foundation.framework */,
				2892E40F0DC94CBA00A64D0F /* CoreGraphics.framework */,
			);
			name = Frameworks;
			sourceTree = "<group>";
		};
/* End PBXGroup section */

/* Begin PBXNativeTarget section */
		1D6058900D05DD3D006BFB54 /* ObjSql */ = {
			isa = PBXNativeTarget;
			buildConfigurationList = 1D6058960D05DD3E006BFB54 /* Build configuration list for PBXNativeTarget "ObjSql" */;
			buildPhases = (
				1D60588D0D05DD3D006BFB54 /* Resources */,
				1D60588E0D05DD3D006BFB54 /* Sources */,
				1D60588F0D05DD3D006BFB54 /* Frameworks */,
			);
			buildRules = (
			);
			dependencies = (
			);
			name = ObjSql;
			productName = ObjSql;
			productReference = 1D6058910D05DD3D006BFB54 /* ObjSql.app */;
			productType = "com.apple.product-type.application";
		};
/* End PBXNativeTarget section */

/* Begin PBXProject section */
		29B97313FDCFA39411CA2CEA /* Project object */ = {
			isa = PBXProject;
			buildConfigurationList = C01FCF4E08A954540054247B /* Build configuration list for PBXProject "ObjSql" */;
			compatibilityVersion = "Xcode 3.1";
			hasScannedForEncodings = 1;
			knownRegions = (
				English,
				Japanese,
				French,
				German,
				en,
			);
			mainGroup = 29B97314FDCFA39411CA2CEA /* CustomTemplate */;
			projectDirPath = "";
			projectRoot = "";
			targets = (
				1D6058900D05DD3D006BFB54 /* ObjSql */,
			);
		};
/* End PBXProject section */

/* Begin PBXResourcesBuildPhase section */
		1D60588D0D05DD3D006BFB54 /* Resources */ = {
			isa = PBXResourcesBuildPhase;
			buildActionMask = 2147483647;
			files = (
				28AD73600D9D9599002E5188 /* MainWindow.xib in Resources */,
				2899E5600DE3E45000AC0155 /* JoinsViewController.xib in Resources */,
				222F93C91059545000D1A285 /* au_pix.txt in Resources */,
				222F93CA1059545000D1A285 /* authors.txt in Resources */,
				222F93CB1059545000D1A285 /* blurbs.txt in Resources */,
				222F93CC1059545000D1A285 /* discounts.txt in Resources */,
				222F93CD1059545000D1A285 /* publishers.txt in Resources */,
				222F93CE1059545000D1A285 /* roysched.txt in Resources */,
				222F93CF1059545000D1A285 /* sales.txt in Resources */,
				222F93D01059545000D1A285 /* salesdetail.txt in Resources */,
				222F93D11059545000D1A285 /* stores.txt in Resources */,
				222F93D21059545000D1A285 /* titleauthor.txt in Resources */,
				222F93D31059545000D1A285 /* titles.txt in Resources */,
				2225BE0D105C19440069F530 /* Icon.png in Resources */,
				2225C0E0105D01010069F530 /* Default.png in Resources */,
			);
			runOnlyForDeploymentPostprocessing = 0;
		};
/* End PBXResourcesBuildPhase section */

/* Begin PBXSourcesBuildPhase section */
		1D60588E0D05DD3D006BFB54 /* Sources */ = {
			isa = PBXSourcesBuildPhase;
			buildActionMask = 2147483647;
			files = (
				1D60589B0D05DD56006BFB54 /* main.m in Sources */,
				1D3623260D0F684500981E51 /* ObjSqlAppDelegate.m in Sources */,
				28C286E10D94DF7D0034E888 /* JoinsViewController.m in Sources */,
				222F93E31059558B00D1A285 /* RecordClasses.m in Sources */,
				222F941E10595B5D00D1A285 /* RecordsViewController.m in Sources */,
				222F9709105A589900D1A285 /* objsql.mm in Sources */,
				2225BF64105CE6A10069F530 /* RecordView.m in Sources */,
				2225BF90105CE9D40069F530 /* ImageEditor.m in Sources */,
				22A8B60C106D2AAE00C9EF2C /* Catcher.m in Sources */,
			);
			runOnlyForDeploymentPostprocessing = 0;
		};
/* End PBXSourcesBuildPhase section */

/* Begin XCBuildConfiguration section */
		1D6058940D05DD3E006BFB54 /* Debug */ = {
			isa = XCBuildConfiguration;
			buildSettings = {
				ALWAYS_SEARCH_USER_PATHS = NO;
				COPY_PHASE_STRIP = NO;
				GCC_DYNAMIC_NO_PIC = NO;
				GCC_OPTIMIZATION_LEVEL = 0;
				GCC_PRECOMPILE_PREFIX_HEADER = YES;
				GCC_PREFIX_HEADER = ObjSql_Prefix.pch;
				INFOPLIST_FILE = "ObjSql-Info.plist";
				PRODUCT_NAME = ObjSql;
			};
			name = Debug;
		};
		1D6058950D05DD3E006BFB54 /* Release */ = {
			isa = XCBuildConfiguration;
			buildSettings = {
				ALWAYS_SEARCH_USER_PATHS = NO;
				COPY_PHASE_STRIP = YES;
				GCC_PRECOMPILE_PREFIX_HEADER = YES;
				GCC_PREFIX_HEADER = ObjSql_Prefix.pch;
				INFOPLIST_FILE = "ObjSql-Info.plist";
				PRODUCT_NAME = ObjSql;
			};
			name = Release;
		};
		C01FCF4F08A954540054247B /* Debug */ = {
			isa = XCBuildConfiguration;
			buildSettings = {
				ARCHS = "$(ARCHS_STANDARD_32_BIT)";
				"CODE_SIGN_IDENTITY[sdk=iphoneos*]" = "iPhone Developer";
				GCC_C_LANGUAGE_STANDARD = c99;
				GCC_PREPROCESSOR_DEFINITIONS = "OODEBUG=1";
				GCC_WARN_ABOUT_RETURN_TYPE = YES;
				GCC_WARN_UNUSED_VARIABLE = YES;
				PREBINDING = NO;
				SDKROOT = iphoneos3.0;
			};
			name = Debug;
		};
		C01FCF5008A954540054247B /* Release */ = {
			isa = XCBuildConfiguration;
			buildSettings = {
				ARCHS = "$(ARCHS_STANDARD_32_BIT)";
				"CODE_SIGN_IDENTITY[sdk=iphoneos*]" = "iPhone Developer";
				GCC_C_LANGUAGE_STANDARD = c99;
				GCC_WARN_ABOUT_RETURN_TYPE = YES;
				GCC_WARN_UNUSED_VARIABLE = YES;
				PREBINDING = NO;
				SDKROOT = iphoneos3.0;
			};
			name = Release;
		};
/* End XCBuildConfiguration section */

/* Begin XCConfigurationList section */
		1D6058960D05DD3E006BFB54 /* Build configuration list for PBXNativeTarget "ObjSql" */ = {
			isa = XCConfigurationList;
			buildConfigurations = (
				1D6058950D05DD3E006BFB54 /* Release */,
				1D6058940D05DD3E006BFB54 /* Debug */,
			);
			defaultConfigurationIsVisible = 0;
			defaultConfigurationName = Release;
		};
		C01FCF4E08A954540054247B /* Build configuration list for PBXProject "ObjSql" */ = {
			isa = XCConfigurationList;
			buildConfigurations = (
				C01FCF5008A954540054247B /* Release */,
				C01FCF4F08A954540054247B /* Debug */,
			);
			defaultConfigurationIsVisible = 0;
			defaultConfigurationName = Release;
		};
/* End XCConfigurationList section */
	};
	rootObject = 29B97313FDCFA39411CA2CEA /* Project object */;
}
